
Microsoft Visual Studio Solution File, Format Version 12.00
# Visual Studio Version 17
VisualStudioVersion = 17.1.32421.90
MinimumVisualStudioVersion = 10.0.40219.1
Project("{9A19103F-16F7-4668-BE54-9A1E7A4F7556}") = "SingleLinkedList", "LinkedList\SingleLinkedList\SingleLinkedList.csproj", "{77322573-E129-4C61-B72F-A6696833D7C0}"
EndProject
Project("{9A19103F-16F7-4668-BE54-9A1E7A4F7556}") = "DoubleLinkedList", "LinkedList\DoubleLinkedList\DoubleLinkedList.csproj", "{D043B3E6-025B-4453-95AA-3286DCCE4A25}"
EndProject
Project("{9A19103F-16F7-4668-BE54-9A1E7A4F7556}") = "CircularLinkedList", "LinkedList\CircularLinkedList\CircularLinkedList.csproj", "{79907FA1-129E-4F69-90F4-E93AAD78E195}"
EndProject
Project("{9A19103F-16F7-4668-BE54-9A1E7A4F7556}") = "HeaderLinkedList", "LinkedList\HeaderLinkedList\HeaderLinkedList.csproj", "{75FF552B-991E-4DF7-B6DD-1D624FF76C0A}"
EndProject
Project("{9A19103F-16F7-4668-BE54-9A1E7A4F7556}") = "StackUsingArray", "Stack\StackUsingArray\StackUsingArray.csproj", "{A603AA76-A51D-4557-BE01-6145F389364E}"
EndProject
Project("{9A19103F-16F7-4668-BE54-9A1E7A4F7556}") = "StackUsingLinkedList", "Stack\StackUsingLinkedList\StackUsingLinkedList.csproj", "{F0CDBFDC-1194-4671-A78E-7CF100E6869F}"
EndProject
Project("{9A19103F-16F7-4668-BE54-9A1E7A4F7556}") = "QueueUsingArray", "Queue\QueueUsingArray\QueueUsingArray.csproj", "{BE1D6F2A-E7BF-4C11-84FE-4EF8EE2A9D47}"
EndProject
Project("{9A19103F-16F7-4668-BE54-9A1E7A4F7556}") = "QueueUsingLinkedList", "Queue\QueueUsingLinkedList\QueueUsingLinkedList.csproj", "{8E47624D-1116-418B-8E3F-9A25884BA424}"
EndProject
Project("{9A19103F-16F7-4668-BE54-9A1E7A4F7556}") = "QueueUsingCircularLinkedList", "Queue\QueueUsingCircularLinkedList\QueueUsingCircularLinkedList.csproj", "{D765C6FE-AB4D-4597-9027-DBAE79A0B0C9}"
EndProject
Project("{9A19103F-16F7-4668-BE54-9A1E7A4F7556}") = "CircularQueue", "Queue\CircularQueue\CircularQueue.csproj", "{59244972-EE05-48F0-A7D0-C180411C884C}"
EndProject
Project("{9A19103F-16F7-4668-BE54-9A1E7A4F7556}") = "DequeUsingArray", "Queue\DequeUsingArray\DequeUsingArray.csproj", "{69B94541-C09E-4F3B-A56B-65FAEB4E182A}"
EndProject
Project("{9A19103F-16F7-4668-BE54-9A1E7A4F7556}") = "PriorityQueue", "Queue\PriorityQueue\PriorityQueue.csproj", "{0E17CD9A-71E0-4874-B907-EAC0117E243D}"
EndProject
Project("{9A19103F-16F7-4668-BE54-9A1E7A4F7556}") = "ParenthesesValidation", "Stack\ParenthesesValidation\ParenthesesValidation.csproj", "{05EB3FED-2B5D-4659-AE72-0C7F1CC3DFE9}"
EndProject
Project("{9A19103F-16F7-4668-BE54-9A1E7A4F7556}") = "InfixToPostfix", "Stack\InfixToPostfix\InfixToPostfix.csproj", "{E6964ADC-7E4C-4FFA-8584-A37D621B9DFC}"
EndProject
Project("{2150E333-8FDC-42A3-9474-1A3956D46DE8}") = "LinkedList", "LinkedList", "{ACB34DA2-6144-4392-9119-239E71D7C814}"
EndProject
Project("{2150E333-8FDC-42A3-9474-1A3956D46DE8}") = "Queue", "Queue", "{52809796-6E8C-4E2E-9BF6-03FF5E5C8835}"
EndProject
Project("{2150E333-8FDC-42A3-9474-1A3956D46DE8}") = "Stack", "Stack", "{8F710F37-10F3-4CAB-8FED-E8DDB8C5CD83}"
EndProject
Project("{2150E333-8FDC-42A3-9474-1A3956D46DE8}") = "Recursion", "Recursion", "{9B8C7FE8-7521-4DED-9F7D-D29C36E20FCA}"
EndProject
Project("{9A19103F-16F7-4668-BE54-9A1E7A4F7556}") = "Factorial", "Recursion\Factorial\Factorial.csproj", "{9BFA3665-1581-4912-91E6-02BDDC0D0576}"
EndProject
Project("{9A19103F-16F7-4668-BE54-9A1E7A4F7556}") = "SumOfDigits", "Recursion\SumOfDigits\SumOfDigits.csproj", "{49D88E3B-8996-436B-B9A4-8064EF3FCEDF}"
EndProject
Project("{9A19103F-16F7-4668-BE54-9A1E7A4F7556}") = "BaseConversion", "Recursion\BaseConversion\BaseConversion.csproj", "{C37ECA17-F652-4F9B-8C54-3B334A0F5992}"
EndProject
Project("{9A19103F-16F7-4668-BE54-9A1E7A4F7556}") = "Exponentiation", "Recursion\Exponentiation\Exponentiation.csproj", "{4C395EF5-A897-47B7-BA28-7C78C4F9E34D}"
EndProject
Project("{9A19103F-16F7-4668-BE54-9A1E7A4F7556}") = "GCDUsingEuclidsAlgorithm", "Recursion\GCDUsingEuclidsAlgorithm\GCDUsingEuclidsAlgorithm.csproj", "{34B3FD8C-0EF3-4F18-B399-64BC57EBFC89}"
EndProject
Project("{9A19103F-16F7-4668-BE54-9A1E7A4F7556}") = "FibonacciSeries", "Recursion\FibonacciSeries\FibonacciSeries.csproj", "{18FD264C-C415-45B5-B5AB-EE7DA64642EA}"
EndProject
Project("{9A19103F-16F7-4668-BE54-9A1E7A4F7556}") = "TowerOfHanoi", "Recursion\TowerOfHanoi\TowerOfHanoi.csproj", "{0F274F34-46F2-44F8-9196-F3661980E1F8}"
EndProject
Project("{2150E333-8FDC-42A3-9474-1A3956D46DE8}") = "Tree", "Tree", "{150D824D-9FBB-4D4D-BD5F-93120FE28E55}"
EndProject
Project("{9A19103F-16F7-4668-BE54-9A1E7A4F7556}") = "BinaryTree", "Tree\BinaryTree\BinaryTree.csproj", "{F7F78CDD-9B37-4E51-9B4E-DB6DAC913A0A}"
EndProject
Project("{9A19103F-16F7-4668-BE54-9A1E7A4F7556}") = "BinarySearchTree", "Tree\BinarySearchTree\BinarySearchTree.csproj", "{124BAE49-B7C2-48A5-99CD-50F4FA09125E}"
EndProject
Project("{9A19103F-16F7-4668-BE54-9A1E7A4F7556}") = "Heap", "Tree\Heap\Heap.csproj", "{E5015813-2C01-418D-A4AC-E1ACE1A7FB3B}"
EndProject
Project("{9A19103F-16F7-4668-BE54-9A1E7A4F7556}") = "BuildHeap", "Tree\BuildHeap\BuildHeap.csproj", "{CBCA2C6B-8824-431C-A6D2-16F92A765C08}"
EndProject
Project("{2150E333-8FDC-42A3-9474-1A3956D46DE8}") = "Sorting", "Sorting", "{66D02731-770A-4102-AB7C-A5019477DDC4}"
EndProject
Project("{9A19103F-16F7-4668-BE54-9A1E7A4F7556}") = "SelectionSort", "Sorting\SelectionSort\SelectionSort.csproj", "{8F6F79D6-8909-46D0-8D1A-49F8186B7552}"
EndProject
Project("{9A19103F-16F7-4668-BE54-9A1E7A4F7556}") = "BubbleSort", "Sorting\BubbleSort\BubbleSort.csproj", "{6838D2BA-1733-4319-9938-5C38F9CC92E7}"
EndProject
Project("{9A19103F-16F7-4668-BE54-9A1E7A4F7556}") = "InsertionSort", "Sorting\InsertionSort\InsertionSort.csproj", "{DE70423E-706B-41D6-B13A-12B8F7D5169C}"
EndProject
Project("{9A19103F-16F7-4668-BE54-9A1E7A4F7556}") = "ShellSort", "Sorting\ShellSort\ShellSort.csproj", "{6AC794ED-5813-4041-AE9A-35C9BDF255AB}"
EndProject
Project("{9A19103F-16F7-4668-BE54-9A1E7A4F7556}") = "MergeSortRecursive", "Sorting\MergeSortRecursive\MergeSortRecursive.csproj", "{20643252-337E-40AC-AE0F-4B6521D13522}"
EndProject
Project("{9A19103F-16F7-4668-BE54-9A1E7A4F7556}") = "MergeSortIterative", "Sorting\MergeSortIterative\MergeSortIterative.csproj", "{2BDDFC22-43EA-4D11-926D-2EDCE718A79B}"
EndProject
Project("{9A19103F-16F7-4668-BE54-9A1E7A4F7556}") = "QuickSort", "Sorting\QuickSort\QuickSort.csproj", "{65825ACF-946E-4AF5-AA67-789E9B8E5EF6}"
EndProject
Project("{9A19103F-16F7-4668-BE54-9A1E7A4F7556}") = "BinaryTreeSort", "Sorting\BinaryTreeSort\BinaryTreeSort.csproj", "{00A09D8C-DFF2-4E9E-B63C-5689896E00C3}"
EndProject
Project("{9A19103F-16F7-4668-BE54-9A1E7A4F7556}") = "HeapSort", "Sorting\HeapSort\HeapSort.csproj", "{49A00720-CF9E-4245-A43F-8188BB236C73}"
EndProject
Project("{9A19103F-16F7-4668-BE54-9A1E7A4F7556}") = "RadixSort", "Sorting\RadixSort\RadixSort.csproj", "{66E55541-2D50-429D-89CA-4579AD0B4660}"
EndProject
Project("{9A19103F-16F7-4668-BE54-9A1E7A4F7556}") = "AddressCalculationSort", "Sorting\AddressCalculationSort\AddressCalculationSort.csproj", "{A642A3B7-9043-4768-B344-21BDBB984F4A}"
EndProject
Project("{2150E333-8FDC-42A3-9474-1A3956D46DE8}") = "Searching", "Searching", "{F4E3AF36-78F3-4C4B-AA0A-7CE059CD2FC4}"
EndProject
Project("{9A19103F-16F7-4668-BE54-9A1E7A4F7556}") = "LinearSearch", "Searching\LinearSearch\LinearSearch.csproj", "{E7F5ED30-AD75-408F-96D3-35872B1F4ED6}"
EndProject
Project("{9A19103F-16F7-4668-BE54-9A1E7A4F7556}") = "LinearSearchWithSentinel", "Searching\LinearSearchWithSentinel\LinearSearchWithSentinel.csproj", "{19250744-D72C-4DE6-80D9-2765C0394E6A}"
EndProject
Project("{9A19103F-16F7-4668-BE54-9A1E7A4F7556}") = "LinearSearchSortedList", "Searching\LinearSearchSortedList\LinearSearchSortedList.csproj", "{0976AB36-0455-452E-B790-92CDD935A0C6}"
EndProject
Project("{9A19103F-16F7-4668-BE54-9A1E7A4F7556}") = "BinarySearch", "Searching\BinarySearch\BinarySearch.csproj", "{9C64FD7E-1262-4AF0-B81C-7818BCEA9C0F}"
EndProject
Project("{9A19103F-16F7-4668-BE54-9A1E7A4F7556}") = "BinarySearchRecursive", "Searching\BinarySearchRecursive\BinarySearchRecursive.csproj", "{3C8835DE-B723-4057-A147-E15B3E8570D8}"
EndProject
Project("{2150E333-8FDC-42A3-9474-1A3956D46DE8}") = "Hashing", "Hashing", "{F1AA0F50-C1B3-4AA2-961C-86B446690263}"
EndProject
Project("{FAE04EC0-301F-11D3-BF4B-00C04F79EFBC}") = "OpenAddressing", "Hashing\OpenAddressing\OpenAddressing.csproj", "{FBE3E6AB-0BD4-4B6F-AC94-0230BE69A3E8}"
EndProject
Project("{FAE04EC0-301F-11D3-BF4B-00C04F79EFBC}") = "OpenAddressingRehashing", "Hashing\OpenAddressingRehashing\OpenAddressingRehashing.csproj", "{88F2051E-E1A0-46D9-AB79-F7E0FCCCC318}"
EndProject
Global
	GlobalSection(SolutionConfigurationPlatforms) = preSolution
		Debug|Any CPU = Debug|Any CPU
		Release|Any CPU = Release|Any CPU
	EndGlobalSection
	GlobalSection(ProjectConfigurationPlatforms) = postSolution
		{77322573-E129-4C61-B72F-A6696833D7C0}.Debug|Any CPU.ActiveCfg = Debug|Any CPU
		{77322573-E129-4C61-B72F-A6696833D7C0}.Debug|Any CPU.Build.0 = Debug|Any CPU
		{77322573-E129-4C61-B72F-A6696833D7C0}.Release|Any CPU.ActiveCfg = Release|Any CPU
		{77322573-E129-4C61-B72F-A6696833D7C0}.Release|Any CPU.Build.0 = Release|Any CPU
		{D043B3E6-025B-4453-95AA-3286DCCE4A25}.Debug|Any CPU.ActiveCfg = Debug|Any CPU
		{D043B3E6-025B-4453-95AA-3286DCCE4A25}.Debug|Any CPU.Build.0 = Debug|Any CPU
		{D043B3E6-025B-4453-95AA-3286DCCE4A25}.Release|Any CPU.ActiveCfg = Release|Any CPU
		{D043B3E6-025B-4453-95AA-3286DCCE4A25}.Release|Any CPU.Build.0 = Release|Any CPU
		{79907FA1-129E-4F69-90F4-E93AAD78E195}.Debug|Any CPU.ActiveCfg = Debug|Any CPU
		{79907FA1-129E-4F69-90F4-E93AAD78E195}.Debug|Any CPU.Build.0 = Debug|Any CPU
		{79907FA1-129E-4F69-90F4-E93AAD78E195}.Release|Any CPU.ActiveCfg = Release|Any CPU
		{79907FA1-129E-4F69-90F4-E93AAD78E195}.Release|Any CPU.Build.0 = Release|Any CPU
		{75FF552B-991E-4DF7-B6DD-1D624FF76C0A}.Debug|Any CPU.ActiveCfg = Debug|Any CPU
		{75FF552B-991E-4DF7-B6DD-1D624FF76C0A}.Debug|Any CPU.Build.0 = Debug|Any CPU
		{75FF552B-991E-4DF7-B6DD-1D624FF76C0A}.Release|Any CPU.ActiveCfg = Release|Any CPU
		{75FF552B-991E-4DF7-B6DD-1D624FF76C0A}.Release|Any CPU.Build.0 = Release|Any CPU
		{A603AA76-A51D-4557-BE01-6145F389364E}.Debug|Any CPU.ActiveCfg = Debug|Any CPU
		{A603AA76-A51D-4557-BE01-6145F389364E}.Debug|Any CPU.Build.0 = Debug|Any CPU
		{A603AA76-A51D-4557-BE01-6145F389364E}.Release|Any CPU.ActiveCfg = Release|Any CPU
		{A603AA76-A51D-4557-BE01-6145F389364E}.Release|Any CPU.Build.0 = Release|Any CPU
		{F0CDBFDC-1194-4671-A78E-7CF100E6869F}.Debug|Any CPU.ActiveCfg = Debug|Any CPU
		{F0CDBFDC-1194-4671-A78E-7CF100E6869F}.Debug|Any CPU.Build.0 = Debug|Any CPU
		{F0CDBFDC-1194-4671-A78E-7CF100E6869F}.Release|Any CPU.ActiveCfg = Release|Any CPU
		{F0CDBFDC-1194-4671-A78E-7CF100E6869F}.Release|Any CPU.Build.0 = Release|Any CPU
		{BE1D6F2A-E7BF-4C11-84FE-4EF8EE2A9D47}.Debug|Any CPU.ActiveCfg = Debug|Any CPU
		{BE1D6F2A-E7BF-4C11-84FE-4EF8EE2A9D47}.Debug|Any CPU.Build.0 = Debug|Any CPU
		{BE1D6F2A-E7BF-4C11-84FE-4EF8EE2A9D47}.Release|Any CPU.ActiveCfg = Release|Any CPU
		{BE1D6F2A-E7BF-4C11-84FE-4EF8EE2A9D47}.Release|Any CPU.Build.0 = Release|Any CPU
		{8E47624D-1116-418B-8E3F-9A25884BA424}.Debug|Any CPU.ActiveCfg = Debug|Any CPU
		{8E47624D-1116-418B-8E3F-9A25884BA424}.Debug|Any CPU.Build.0 = Debug|Any CPU
		{8E47624D-1116-418B-8E3F-9A25884BA424}.Release|Any CPU.ActiveCfg = Release|Any CPU
		{8E47624D-1116-418B-8E3F-9A25884BA424}.Release|Any CPU.Build.0 = Release|Any CPU
		{D765C6FE-AB4D-4597-9027-DBAE79A0B0C9}.Debug|Any CPU.ActiveCfg = Debug|Any CPU
		{D765C6FE-AB4D-4597-9027-DBAE79A0B0C9}.Debug|Any CPU.Build.0 = Debug|Any CPU
		{D765C6FE-AB4D-4597-9027-DBAE79A0B0C9}.Release|Any CPU.ActiveCfg = Release|Any CPU
		{D765C6FE-AB4D-4597-9027-DBAE79A0B0C9}.Release|Any CPU.Build.0 = Release|Any CPU
		{59244972-EE05-48F0-A7D0-C180411C884C}.Debug|Any CPU.ActiveCfg = Debug|Any CPU
		{59244972-EE05-48F0-A7D0-C180411C884C}.Debug|Any CPU.Build.0 = Debug|Any CPU
		{59244972-EE05-48F0-A7D0-C180411C884C}.Release|Any CPU.ActiveCfg = Release|Any CPU
		{59244972-EE05-48F0-A7D0-C180411C884C}.Release|Any CPU.Build.0 = Release|Any CPU
		{69B94541-C09E-4F3B-A56B-65FAEB4E182A}.Debug|Any CPU.ActiveCfg = Debug|Any CPU
		{69B94541-C09E-4F3B-A56B-65FAEB4E182A}.Debug|Any CPU.Build.0 = Debug|Any CPU
		{69B94541-C09E-4F3B-A56B-65FAEB4E182A}.Release|Any CPU.ActiveCfg = Release|Any CPU
		{69B94541-C09E-4F3B-A56B-65FAEB4E182A}.Release|Any CPU.Build.0 = Release|Any CPU
		{0E17CD9A-71E0-4874-B907-EAC0117E243D}.Debug|Any CPU.ActiveCfg = Debug|Any CPU
		{0E17CD9A-71E0-4874-B907-EAC0117E243D}.Debug|Any CPU.Build.0 = Debug|Any CPU
		{0E17CD9A-71E0-4874-B907-EAC0117E243D}.Release|Any CPU.ActiveCfg = Release|Any CPU
		{0E17CD9A-71E0-4874-B907-EAC0117E243D}.Release|Any CPU.Build.0 = Release|Any CPU
		{05EB3FED-2B5D-4659-AE72-0C7F1CC3DFE9}.Debug|Any CPU.ActiveCfg = Debug|Any CPU
		{05EB3FED-2B5D-4659-AE72-0C7F1CC3DFE9}.Debug|Any CPU.Build.0 = Debug|Any CPU
		{05EB3FED-2B5D-4659-AE72-0C7F1CC3DFE9}.Release|Any CPU.ActiveCfg = Release|Any CPU
		{05EB3FED-2B5D-4659-AE72-0C7F1CC3DFE9}.Release|Any CPU.Build.0 = Release|Any CPU
		{E6964ADC-7E4C-4FFA-8584-A37D621B9DFC}.Debug|Any CPU.ActiveCfg = Debug|Any CPU
		{E6964ADC-7E4C-4FFA-8584-A37D621B9DFC}.Debug|Any CPU.Build.0 = Debug|Any CPU
		{E6964ADC-7E4C-4FFA-8584-A37D621B9DFC}.Release|Any CPU.ActiveCfg = Release|Any CPU
		{E6964ADC-7E4C-4FFA-8584-A37D621B9DFC}.Release|Any CPU.Build.0 = Release|Any CPU
		{9BFA3665-1581-4912-91E6-02BDDC0D0576}.Debug|Any CPU.ActiveCfg = Debug|Any CPU
		{9BFA3665-1581-4912-91E6-02BDDC0D0576}.Debug|Any CPU.Build.0 = Debug|Any CPU
		{9BFA3665-1581-4912-91E6-02BDDC0D0576}.Release|Any CPU.ActiveCfg = Release|Any CPU
		{9BFA3665-1581-4912-91E6-02BDDC0D0576}.Release|Any CPU.Build.0 = Release|Any CPU
		{49D88E3B-8996-436B-B9A4-8064EF3FCEDF}.Debug|Any CPU.ActiveCfg = Debug|Any CPU
		{49D88E3B-8996-436B-B9A4-8064EF3FCEDF}.Debug|Any CPU.Build.0 = Debug|Any CPU
		{49D88E3B-8996-436B-B9A4-8064EF3FCEDF}.Release|Any CPU.ActiveCfg = Release|Any CPU
		{49D88E3B-8996-436B-B9A4-8064EF3FCEDF}.Release|Any CPU.Build.0 = Release|Any CPU
		{C37ECA17-F652-4F9B-8C54-3B334A0F5992}.Debug|Any CPU.ActiveCfg = Debug|Any CPU
		{C37ECA17-F652-4F9B-8C54-3B334A0F5992}.Debug|Any CPU.Build.0 = Debug|Any CPU
		{C37ECA17-F652-4F9B-8C54-3B334A0F5992}.Release|Any CPU.ActiveCfg = Release|Any CPU
		{C37ECA17-F652-4F9B-8C54-3B334A0F5992}.Release|Any CPU.Build.0 = Release|Any CPU
		{4C395EF5-A897-47B7-BA28-7C78C4F9E34D}.Debug|Any CPU.ActiveCfg = Debug|Any CPU
		{4C395EF5-A897-47B7-BA28-7C78C4F9E34D}.Debug|Any CPU.Build.0 = Debug|Any CPU
		{4C395EF5-A897-47B7-BA28-7C78C4F9E34D}.Release|Any CPU.ActiveCfg = Release|Any CPU
		{4C395EF5-A897-47B7-BA28-7C78C4F9E34D}.Release|Any CPU.Build.0 = Release|Any CPU
		{34B3FD8C-0EF3-4F18-B399-64BC57EBFC89}.Debug|Any CPU.ActiveCfg = Debug|Any CPU
		{34B3FD8C-0EF3-4F18-B399-64BC57EBFC89}.Debug|Any CPU.Build.0 = Debug|Any CPU
		{34B3FD8C-0EF3-4F18-B399-64BC57EBFC89}.Release|Any CPU.ActiveCfg = Release|Any CPU
		{34B3FD8C-0EF3-4F18-B399-64BC57EBFC89}.Release|Any CPU.Build.0 = Release|Any CPU
		{18FD264C-C415-45B5-B5AB-EE7DA64642EA}.Debug|Any CPU.ActiveCfg = Debug|Any CPU
		{18FD264C-C415-45B5-B5AB-EE7DA64642EA}.Debug|Any CPU.Build.0 = Debug|Any CPU
		{18FD264C-C415-45B5-B5AB-EE7DA64642EA}.Release|Any CPU.ActiveCfg = Release|Any CPU
		{18FD264C-C415-45B5-B5AB-EE7DA64642EA}.Release|Any CPU.Build.0 = Release|Any CPU
		{0F274F34-46F2-44F8-9196-F3661980E1F8}.Debug|Any CPU.ActiveCfg = Debug|Any CPU
		{0F274F34-46F2-44F8-9196-F3661980E1F8}.Debug|Any CPU.Build.0 = Debug|Any CPU
		{0F274F34-46F2-44F8-9196-F3661980E1F8}.Release|Any CPU.ActiveCfg = Release|Any CPU
		{0F274F34-46F2-44F8-9196-F3661980E1F8}.Release|Any CPU.Build.0 = Release|Any CPU
		{F7F78CDD-9B37-4E51-9B4E-DB6DAC913A0A}.Debug|Any CPU.ActiveCfg = Debug|Any CPU
		{F7F78CDD-9B37-4E51-9B4E-DB6DAC913A0A}.Debug|Any CPU.Build.0 = Debug|Any CPU
		{F7F78CDD-9B37-4E51-9B4E-DB6DAC913A0A}.Release|Any CPU.ActiveCfg = Release|Any CPU
		{F7F78CDD-9B37-4E51-9B4E-DB6DAC913A0A}.Release|Any CPU.Build.0 = Release|Any CPU
		{124BAE49-B7C2-48A5-99CD-50F4FA09125E}.Debug|Any CPU.ActiveCfg = Debug|Any CPU
		{124BAE49-B7C2-48A5-99CD-50F4FA09125E}.Debug|Any CPU.Build.0 = Debug|Any CPU
		{124BAE49-B7C2-48A5-99CD-50F4FA09125E}.Release|Any CPU.ActiveCfg = Release|Any CPU
		{124BAE49-B7C2-48A5-99CD-50F4FA09125E}.Release|Any CPU.Build.0 = Release|Any CPU
		{E5015813-2C01-418D-A4AC-E1ACE1A7FB3B}.Debug|Any CPU.ActiveCfg = Debug|Any CPU
		{E5015813-2C01-418D-A4AC-E1ACE1A7FB3B}.Debug|Any CPU.Build.0 = Debug|Any CPU
		{E5015813-2C01-418D-A4AC-E1ACE1A7FB3B}.Release|Any CPU.ActiveCfg = Release|Any CPU
		{E5015813-2C01-418D-A4AC-E1ACE1A7FB3B}.Release|Any CPU.Build.0 = Release|Any CPU
		{CBCA2C6B-8824-431C-A6D2-16F92A765C08}.Debug|Any CPU.ActiveCfg = Debug|Any CPU
		{CBCA2C6B-8824-431C-A6D2-16F92A765C08}.Debug|Any CPU.Build.0 = Debug|Any CPU
		{CBCA2C6B-8824-431C-A6D2-16F92A765C08}.Release|Any CPU.ActiveCfg = Release|Any CPU
		{CBCA2C6B-8824-431C-A6D2-16F92A765C08}.Release|Any CPU.Build.0 = Release|Any CPU
		{8F6F79D6-8909-46D0-8D1A-49F8186B7552}.Debug|Any CPU.ActiveCfg = Debug|Any CPU
		{8F6F79D6-8909-46D0-8D1A-49F8186B7552}.Debug|Any CPU.Build.0 = Debug|Any CPU
		{8F6F79D6-8909-46D0-8D1A-49F8186B7552}.Release|Any CPU.ActiveCfg = Release|Any CPU
		{8F6F79D6-8909-46D0-8D1A-49F8186B7552}.Release|Any CPU.Build.0 = Release|Any CPU
		{6838D2BA-1733-4319-9938-5C38F9CC92E7}.Debug|Any CPU.ActiveCfg = Debug|Any CPU
		{6838D2BA-1733-4319-9938-5C38F9CC92E7}.Debug|Any CPU.Build.0 = Debug|Any CPU
		{6838D2BA-1733-4319-9938-5C38F9CC92E7}.Release|Any CPU.ActiveCfg = Release|Any CPU
		{6838D2BA-1733-4319-9938-5C38F9CC92E7}.Release|Any CPU.Build.0 = Release|Any CPU
		{DE70423E-706B-41D6-B13A-12B8F7D5169C}.Debug|Any CPU.ActiveCfg = Debug|Any CPU
		{DE70423E-706B-41D6-B13A-12B8F7D5169C}.Debug|Any CPU.Build.0 = Debug|Any CPU
		{DE70423E-706B-41D6-B13A-12B8F7D5169C}.Release|Any CPU.ActiveCfg = Release|Any CPU
		{DE70423E-706B-41D6-B13A-12B8F7D5169C}.Release|Any CPU.Build.0 = Release|Any CPU
		{6AC794ED-5813-4041-AE9A-35C9BDF255AB}.Debug|Any CPU.ActiveCfg = Debug|Any CPU
		{6AC794ED-5813-4041-AE9A-35C9BDF255AB}.Debug|Any CPU.Build.0 = Debug|Any CPU
		{6AC794ED-5813-4041-AE9A-35C9BDF255AB}.Release|Any CPU.ActiveCfg = Release|Any CPU
		{6AC794ED-5813-4041-AE9A-35C9BDF255AB}.Release|Any CPU.Build.0 = Release|Any CPU
		{20643252-337E-40AC-AE0F-4B6521D13522}.Debug|Any CPU.ActiveCfg = Debug|Any CPU
		{20643252-337E-40AC-AE0F-4B6521D13522}.Debug|Any CPU.Build.0 = Debug|Any CPU
		{20643252-337E-40AC-AE0F-4B6521D13522}.Release|Any CPU.ActiveCfg = Release|Any CPU
		{20643252-337E-40AC-AE0F-4B6521D13522}.Release|Any CPU.Build.0 = Release|Any CPU
		{2BDDFC22-43EA-4D11-926D-2EDCE718A79B}.Debug|Any CPU.ActiveCfg = Debug|Any CPU
		{2BDDFC22-43EA-4D11-926D-2EDCE718A79B}.Debug|Any CPU.Build.0 = Debug|Any CPU
		{2BDDFC22-43EA-4D11-926D-2EDCE718A79B}.Release|Any CPU.ActiveCfg = Release|Any CPU
		{2BDDFC22-43EA-4D11-926D-2EDCE718A79B}.Release|Any CPU.Build.0 = Release|Any CPU
		{65825ACF-946E-4AF5-AA67-789E9B8E5EF6}.Debug|Any CPU.ActiveCfg = Debug|Any CPU
		{65825ACF-946E-4AF5-AA67-789E9B8E5EF6}.Debug|Any CPU.Build.0 = Debug|Any CPU
		{65825ACF-946E-4AF5-AA67-789E9B8E5EF6}.Release|Any CPU.ActiveCfg = Release|Any CPU
		{65825ACF-946E-4AF5-AA67-789E9B8E5EF6}.Release|Any CPU.Build.0 = Release|Any CPU
		{00A09D8C-DFF2-4E9E-B63C-5689896E00C3}.Debug|Any CPU.ActiveCfg = Debug|Any CPU
		{00A09D8C-DFF2-4E9E-B63C-5689896E00C3}.Debug|Any CPU.Build.0 = Debug|Any CPU
		{00A09D8C-DFF2-4E9E-B63C-5689896E00C3}.Release|Any CPU.ActiveCfg = Release|Any CPU
		{00A09D8C-DFF2-4E9E-B63C-5689896E00C3}.Release|Any CPU.Build.0 = Release|Any CPU
		{49A00720-CF9E-4245-A43F-8188BB236C73}.Debug|Any CPU.ActiveCfg = Debug|Any CPU
		{49A00720-CF9E-4245-A43F-8188BB236C73}.Debug|Any CPU.Build.0 = Debug|Any CPU
		{49A00720-CF9E-4245-A43F-8188BB236C73}.Release|Any CPU.ActiveCfg = Release|Any CPU
		{49A00720-CF9E-4245-A43F-8188BB236C73}.Release|Any CPU.Build.0 = Release|Any CPU
		{66E55541-2D50-429D-89CA-4579AD0B4660}.Debug|Any CPU.ActiveCfg = Debug|Any CPU
		{66E55541-2D50-429D-89CA-4579AD0B4660}.Debug|Any CPU.Build.0 = Debug|Any CPU
		{66E55541-2D50-429D-89CA-4579AD0B4660}.Release|Any CPU.ActiveCfg = Release|Any CPU
		{66E55541-2D50-429D-89CA-4579AD0B4660}.Release|Any CPU.Build.0 = Release|Any CPU
		{A642A3B7-9043-4768-B344-21BDBB984F4A}.Debug|Any CPU.ActiveCfg = Debug|Any CPU
		{A642A3B7-9043-4768-B344-21BDBB984F4A}.Debug|Any CPU.Build.0 = Debug|Any CPU
		{A642A3B7-9043-4768-B344-21BDBB984F4A}.Release|Any CPU.ActiveCfg = Release|Any CPU
		{A642A3B7-9043-4768-B344-21BDBB984F4A}.Release|Any CPU.Build.0 = Release|Any CPU
		{E7F5ED30-AD75-408F-96D3-35872B1F4ED6}.Debug|Any CPU.ActiveCfg = Debug|Any CPU
		{E7F5ED30-AD75-408F-96D3-35872B1F4ED6}.Debug|Any CPU.Build.0 = Debug|Any CPU
		{E7F5ED30-AD75-408F-96D3-35872B1F4ED6}.Release|Any CPU.ActiveCfg = Release|Any CPU
		{E7F5ED30-AD75-408F-96D3-35872B1F4ED6}.Release|Any CPU.Build.0 = Release|Any CPU
		{19250744-D72C-4DE6-80D9-2765C0394E6A}.Debug|Any CPU.ActiveCfg = Debug|Any CPU
		{19250744-D72C-4DE6-80D9-2765C0394E6A}.Debug|Any CPU.Build.0 = Debug|Any CPU
		{19250744-D72C-4DE6-80D9-2765C0394E6A}.Release|Any CPU.ActiveCfg = Release|Any CPU
		{19250744-D72C-4DE6-80D9-2765C0394E6A}.Release|Any CPU.Build.0 = Release|Any CPU
		{0976AB36-0455-452E-B790-92CDD935A0C6}.Debug|Any CPU.ActiveCfg = Debug|Any CPU
		{0976AB36-0455-452E-B790-92CDD935A0C6}.Debug|Any CPU.Build.0 = Debug|Any CPU
		{0976AB36-0455-452E-B790-92CDD935A0C6}.Release|Any CPU.ActiveCfg = Release|Any CPU
		{0976AB36-0455-452E-B790-92CDD935A0C6}.Release|Any CPU.Build.0 = Release|Any CPU
		{9C64FD7E-1262-4AF0-B81C-7818BCEA9C0F}.Debug|Any CPU.ActiveCfg = Debug|Any CPU
		{9C64FD7E-1262-4AF0-B81C-7818BCEA9C0F}.Debug|Any CPU.Build.0 = Debug|Any CPU
		{9C64FD7E-1262-4AF0-B81C-7818BCEA9C0F}.Release|Any CPU.ActiveCfg = Release|Any CPU
		{9C64FD7E-1262-4AF0-B81C-7818BCEA9C0F}.Release|Any CPU.Build.0 = Release|Any CPU
		{3C8835DE-B723-4057-A147-E15B3E8570D8}.Debug|Any CPU.ActiveCfg = Debug|Any CPU
		{3C8835DE-B723-4057-A147-E15B3E8570D8}.Debug|Any CPU.Build.0 = Debug|Any CPU
		{3C8835DE-B723-4057-A147-E15B3E8570D8}.Release|Any CPU.ActiveCfg = Release|Any CPU
		{3C8835DE-B723-4057-A147-E15B3E8570D8}.Release|Any CPU.Build.0 = Release|Any CPU
		{FBE3E6AB-0BD4-4B6F-AC94-0230BE69A3E8}.Debug|Any CPU.ActiveCfg = Debug|Any CPU
		{FBE3E6AB-0BD4-4B6F-AC94-0230BE69A3E8}.Debug|Any CPU.Build.0 = Debug|Any CPU
		{FBE3E6AB-0BD4-4B6F-AC94-0230BE69A3E8}.Release|Any CPU.ActiveCfg = Release|Any CPU
		{FBE3E6AB-0BD4-4B6F-AC94-0230BE69A3E8}.Release|Any CPU.Build.0 = Release|Any CPU
		{88F2051E-E1A0-46D9-AB79-F7E0FCCCC318}.Debug|Any CPU.ActiveCfg = Debug|Any CPU
		{88F2051E-E1A0-46D9-AB79-F7E0FCCCC318}.Debug|Any CPU.Build.0 = Debug|Any CPU
		{88F2051E-E1A0-46D9-AB79-F7E0FCCCC318}.Release|Any CPU.ActiveCfg = Release|Any CPU
		{88F2051E-E1A0-46D9-AB79-F7E0FCCCC318}.Release|Any CPU.Build.0 = Release|Any CPU
	EndGlobalSection
	GlobalSection(SolutionProperties) = preSolution
		HideSolutionNode = FALSE
	EndGlobalSection
	GlobalSection(NestedProjects) = preSolution
		{77322573-E129-4C61-B72F-A6696833D7C0} = {ACB34DA2-6144-4392-9119-239E71D7C814}
		{D043B3E6-025B-4453-95AA-3286DCCE4A25} = {ACB34DA2-6144-4392-9119-239E71D7C814}
		{79907FA1-129E-4F69-90F4-E93AAD78E195} = {ACB34DA2-6144-4392-9119-239E71D7C814}
		{75FF552B-991E-4DF7-B6DD-1D624FF76C0A} = {ACB34DA2-6144-4392-9119-239E71D7C814}
		{A603AA76-A51D-4557-BE01-6145F389364E} = {8F710F37-10F3-4CAB-8FED-E8DDB8C5CD83}
		{F0CDBFDC-1194-4671-A78E-7CF100E6869F} = {8F710F37-10F3-4CAB-8FED-E8DDB8C5CD83}
		{BE1D6F2A-E7BF-4C11-84FE-4EF8EE2A9D47} = {52809796-6E8C-4E2E-9BF6-03FF5E5C8835}
		{8E47624D-1116-418B-8E3F-9A25884BA424} = {52809796-6E8C-4E2E-9BF6-03FF5E5C8835}
		{D765C6FE-AB4D-4597-9027-DBAE79A0B0C9} = {52809796-6E8C-4E2E-9BF6-03FF5E5C8835}
		{59244972-EE05-48F0-A7D0-C180411C884C} = {52809796-6E8C-4E2E-9BF6-03FF5E5C8835}
		{69B94541-C09E-4F3B-A56B-65FAEB4E182A} = {52809796-6E8C-4E2E-9BF6-03FF5E5C8835}
		{0E17CD9A-71E0-4874-B907-EAC0117E243D} = {52809796-6E8C-4E2E-9BF6-03FF5E5C8835}
		{05EB3FED-2B5D-4659-AE72-0C7F1CC3DFE9} = {8F710F37-10F3-4CAB-8FED-E8DDB8C5CD83}
		{E6964ADC-7E4C-4FFA-8584-A37D621B9DFC} = {8F710F37-10F3-4CAB-8FED-E8DDB8C5CD83}
		{9BFA3665-1581-4912-91E6-02BDDC0D0576} = {9B8C7FE8-7521-4DED-9F7D-D29C36E20FCA}
		{49D88E3B-8996-436B-B9A4-8064EF3FCEDF} = {9B8C7FE8-7521-4DED-9F7D-D29C36E20FCA}
		{C37ECA17-F652-4F9B-8C54-3B334A0F5992} = {9B8C7FE8-7521-4DED-9F7D-D29C36E20FCA}
		{4C395EF5-A897-47B7-BA28-7C78C4F9E34D} = {9B8C7FE8-7521-4DED-9F7D-D29C36E20FCA}
		{34B3FD8C-0EF3-4F18-B399-64BC57EBFC89} = {9B8C7FE8-7521-4DED-9F7D-D29C36E20FCA}
		{18FD264C-C415-45B5-B5AB-EE7DA64642EA} = {9B8C7FE8-7521-4DED-9F7D-D29C36E20FCA}
		{0F274F34-46F2-44F8-9196-F3661980E1F8} = {9B8C7FE8-7521-4DED-9F7D-D29C36E20FCA}
		{F7F78CDD-9B37-4E51-9B4E-DB6DAC913A0A} = {150D824D-9FBB-4D4D-BD5F-93120FE28E55}
		{124BAE49-B7C2-48A5-99CD-50F4FA09125E} = {150D824D-9FBB-4D4D-BD5F-93120FE28E55}
		{E5015813-2C01-418D-A4AC-E1ACE1A7FB3B} = {150D824D-9FBB-4D4D-BD5F-93120FE28E55}
		{CBCA2C6B-8824-431C-A6D2-16F92A765C08} = {150D824D-9FBB-4D4D-BD5F-93120FE28E55}
		{8F6F79D6-8909-46D0-8D1A-49F8186B7552} = {66D02731-770A-4102-AB7C-A5019477DDC4}
		{6838D2BA-1733-4319-9938-5C38F9CC92E7} = {66D02731-770A-4102-AB7C-A5019477DDC4}
		{DE70423E-706B-41D6-B13A-12B8F7D5169C} = {66D02731-770A-4102-AB7C-A5019477DDC4}
		{6AC794ED-5813-4041-AE9A-35C9BDF255AB} = {66D02731-770A-4102-AB7C-A5019477DDC4}
		{20643252-337E-40AC-AE0F-4B6521D13522} = {66D02731-770A-4102-AB7C-A5019477DDC4}
		{2BDDFC22-43EA-4D11-926D-2EDCE718A79B} = {66D02731-770A-4102-AB7C-A5019477DDC4}
		{65825ACF-946E-4AF5-AA67-789E9B8E5EF6} = {66D02731-770A-4102-AB7C-A5019477DDC4}
		{00A09D8C-DFF2-4E9E-B63C-5689896E00C3} = {66D02731-770A-4102-AB7C-A5019477DDC4}
		{49A00720-CF9E-4245-A43F-8188BB236C73} = {66D02731-770A-4102-AB7C-A5019477DDC4}
		{66E55541-2D50-429D-89CA-4579AD0B4660} = {66D02731-770A-4102-AB7C-A5019477DDC4}
		{A642A3B7-9043-4768-B344-21BDBB984F4A} = {66D02731-770A-4102-AB7C-A5019477DDC4}
		{E7F5ED30-AD75-408F-96D3-35872B1F4ED6} = {F4E3AF36-78F3-4C4B-AA0A-7CE059CD2FC4}
		{19250744-D72C-4DE6-80D9-2765C0394E6A} = {F4E3AF36-78F3-4C4B-AA0A-7CE059CD2FC4}
		{0976AB36-0455-452E-B790-92CDD935A0C6} = {F4E3AF36-78F3-4C4B-AA0A-7CE059CD2FC4}
		{9C64FD7E-1262-4AF0-B81C-7818BCEA9C0F} = {F4E3AF36-78F3-4C4B-AA0A-7CE059CD2FC4}
		{3C8835DE-B723-4057-A147-E15B3E8570D8} = {F4E3AF36-78F3-4C4B-AA0A-7CE059CD2FC4}
		{FBE3E6AB-0BD4-4B6F-AC94-0230BE69A3E8} = {F1AA0F50-C1B3-4AA2-961C-86B446690263}
		{88F2051E-E1A0-46D9-AB79-F7E0FCCCC318} = {F1AA0F50-C1B3-4AA2-961C-86B446690263}
	EndGlobalSection
	GlobalSection(ExtensibilityGlobals) = postSolution
		SolutionGuid = {A176853B-5AA9-4DAB-9B03-2D91A85D6300}
	EndGlobalSection
EndGlobal
