
Microsoft Visual Studio Solution File, Format Version 12.00
# Visual Studio Version 17
VisualStudioVersion = 17.1.32421.90
MinimumVisualStudioVersion = 10.0.40219.1
Project("{9A19103F-16F7-4668-BE54-9A1E7A4F7556}") = "SingleLinkedList", "LinkedList\SingleLinkedList\SingleLinkedList.csproj", "{77322573-E129-4C61-B72F-A6696833D7C0}"
EndProject
Project("{9A19103F-16F7-4668-BE54-9A1E7A4F7556}") = "DoubleLinkedList", "LinkedList\DoubleLinkedList\DoubleLinkedList.csproj", "{D043B3E6-025B-4453-95AA-3286DCCE4A25}"
EndProject
Project("{9A19103F-16F7-4668-BE54-9A1E7A4F7556}") = "CircularLinkedList", "LinkedList\CircularLinkedList\CircularLinkedList.csproj", "{79907FA1-129E-4F69-90F4-E93AAD78E195}"
EndProject
Project("{9A19103F-16F7-4668-BE54-9A1E7A4F7556}") = "HeaderLinkedList", "LinkedList\HeaderLinkedList\HeaderLinkedList.csproj", "{75FF552B-991E-4DF7-B6DD-1D624FF76C0A}"
EndProject
Project("{9A19103F-16F7-4668-BE54-9A1E7A4F7556}") = "StackUsingArray", "Stack\StackUsingArray\StackUsingArray.csproj", "{A603AA76-A51D-4557-BE01-6145F389364E}"
EndProject
Project("{9A19103F-16F7-4668-BE54-9A1E7A4F7556}") = "StackUsingLinkedList", "Stack\StackUsingLinkedList\StackUsingLinkedList.csproj", "{F0CDBFDC-1194-4671-A78E-7CF100E6869F}"
EndProject
Project("{9A19103F-16F7-4668-BE54-9A1E7A4F7556}") = "QueueUsingArray", "Queue\QueueUsingArray\QueueUsingArray.csproj", "{BE1D6F2A-E7BF-4C11-84FE-4EF8EE2A9D47}"
EndProject
Project("{9A19103F-16F7-4668-BE54-9A1E7A4F7556}") = "QueueUsingLinkedList", "Queue\QueueUsingLinkedList\QueueUsingLinkedList.csproj", "{8E47624D-1116-418B-8E3F-9A25884BA424}"
EndProject
Project("{9A19103F-16F7-4668-BE54-9A1E7A4F7556}") = "QueueUsingCircularLinkedList", "Queue\QueueUsingCircularLinkedList\QueueUsingCircularLinkedList.csproj", "{D765C6FE-AB4D-4597-9027-DBAE79A0B0C9}"
EndProject
Project("{9A19103F-16F7-4668-BE54-9A1E7A4F7556}") = "CircularQueue", "Queue\CircularQueue\CircularQueue.csproj", "{59244972-EE05-48F0-A7D0-C180411C884C}"
EndProject
Project("{9A19103F-16F7-4668-BE54-9A1E7A4F7556}") = "DequeUsingArray", "Queue\DequeUsingArray\DequeUsingArray.csproj", "{69B94541-C09E-4F3B-A56B-65FAEB4E182A}"
EndProject
Project("{9A19103F-16F7-4668-BE54-9A1E7A4F7556}") = "PriorityQueue", "Queue\PriorityQueue\PriorityQueue.csproj", "{0E17CD9A-71E0-4874-B907-EAC0117E243D}"
EndProject
Project("{9A19103F-16F7-4668-BE54-9A1E7A4F7556}") = "ParenthesesValidation", "Stack\ParenthesesValidation\ParenthesesValidation.csproj", "{05EB3FED-2B5D-4659-AE72-0C7F1CC3DFE9}"
EndProject
Project("{FAE04EC0-301F-11D3-BF4B-00C04F79EFBC}") = "InfixToPostfix", "Stack\InfixToPostfix\InfixToPostfix.csproj", "{E6964ADC-7E4C-4FFA-8584-A37D621B9DFC}"
EndProject
Project("{2150E333-8FDC-42A3-9474-1A3956D46DE8}") = "LinkedList", "LinkedList", "{ACB34DA2-6144-4392-9119-239E71D7C814}"
EndProject
Project("{2150E333-8FDC-42A3-9474-1A3956D46DE8}") = "Queue", "Queue", "{52809796-6E8C-4E2E-9BF6-03FF5E5C8835}"
EndProject
Project("{2150E333-8FDC-42A3-9474-1A3956D46DE8}") = "Stack", "Stack", "{8F710F37-10F3-4CAB-8FED-E8DDB8C5CD83}"
EndProject
Global
	GlobalSection(SolutionConfigurationPlatforms) = preSolution
		Debug|Any CPU = Debug|Any CPU
		Release|Any CPU = Release|Any CPU
	EndGlobalSection
	GlobalSection(ProjectConfigurationPlatforms) = postSolution
		{77322573-E129-4C61-B72F-A6696833D7C0}.Debug|Any CPU.ActiveCfg = Debug|Any CPU
		{77322573-E129-4C61-B72F-A6696833D7C0}.Debug|Any CPU.Build.0 = Debug|Any CPU
		{77322573-E129-4C61-B72F-A6696833D7C0}.Release|Any CPU.ActiveCfg = Release|Any CPU
		{77322573-E129-4C61-B72F-A6696833D7C0}.Release|Any CPU.Build.0 = Release|Any CPU
		{D043B3E6-025B-4453-95AA-3286DCCE4A25}.Debug|Any CPU.ActiveCfg = Debug|Any CPU
		{D043B3E6-025B-4453-95AA-3286DCCE4A25}.Debug|Any CPU.Build.0 = Debug|Any CPU
		{D043B3E6-025B-4453-95AA-3286DCCE4A25}.Release|Any CPU.ActiveCfg = Release|Any CPU
		{D043B3E6-025B-4453-95AA-3286DCCE4A25}.Release|Any CPU.Build.0 = Release|Any CPU
		{79907FA1-129E-4F69-90F4-E93AAD78E195}.Debug|Any CPU.ActiveCfg = Debug|Any CPU
		{79907FA1-129E-4F69-90F4-E93AAD78E195}.Debug|Any CPU.Build.0 = Debug|Any CPU
		{79907FA1-129E-4F69-90F4-E93AAD78E195}.Release|Any CPU.ActiveCfg = Release|Any CPU
		{79907FA1-129E-4F69-90F4-E93AAD78E195}.Release|Any CPU.Build.0 = Release|Any CPU
		{75FF552B-991E-4DF7-B6DD-1D624FF76C0A}.Debug|Any CPU.ActiveCfg = Debug|Any CPU
		{75FF552B-991E-4DF7-B6DD-1D624FF76C0A}.Debug|Any CPU.Build.0 = Debug|Any CPU
		{75FF552B-991E-4DF7-B6DD-1D624FF76C0A}.Release|Any CPU.ActiveCfg = Release|Any CPU
		{75FF552B-991E-4DF7-B6DD-1D624FF76C0A}.Release|Any CPU.Build.0 = Release|Any CPU
		{A603AA76-A51D-4557-BE01-6145F389364E}.Debug|Any CPU.ActiveCfg = Debug|Any CPU
		{A603AA76-A51D-4557-BE01-6145F389364E}.Debug|Any CPU.Build.0 = Debug|Any CPU
		{A603AA76-A51D-4557-BE01-6145F389364E}.Release|Any CPU.ActiveCfg = Release|Any CPU
		{A603AA76-A51D-4557-BE01-6145F389364E}.Release|Any CPU.Build.0 = Release|Any CPU
		{F0CDBFDC-1194-4671-A78E-7CF100E6869F}.Debug|Any CPU.ActiveCfg = Debug|Any CPU
		{F0CDBFDC-1194-4671-A78E-7CF100E6869F}.Debug|Any CPU.Build.0 = Debug|Any CPU
		{F0CDBFDC-1194-4671-A78E-7CF100E6869F}.Release|Any CPU.ActiveCfg = Release|Any CPU
		{F0CDBFDC-1194-4671-A78E-7CF100E6869F}.Release|Any CPU.Build.0 = Release|Any CPU
		{BE1D6F2A-E7BF-4C11-84FE-4EF8EE2A9D47}.Debug|Any CPU.ActiveCfg = Debug|Any CPU
		{BE1D6F2A-E7BF-4C11-84FE-4EF8EE2A9D47}.Debug|Any CPU.Build.0 = Debug|Any CPU
		{BE1D6F2A-E7BF-4C11-84FE-4EF8EE2A9D47}.Release|Any CPU.ActiveCfg = Release|Any CPU
		{BE1D6F2A-E7BF-4C11-84FE-4EF8EE2A9D47}.Release|Any CPU.Build.0 = Release|Any CPU
		{8E47624D-1116-418B-8E3F-9A25884BA424}.Debug|Any CPU.ActiveCfg = Debug|Any CPU
		{8E47624D-1116-418B-8E3F-9A25884BA424}.Debug|Any CPU.Build.0 = Debug|Any CPU
		{8E47624D-1116-418B-8E3F-9A25884BA424}.Release|Any CPU.ActiveCfg = Release|Any CPU
		{8E47624D-1116-418B-8E3F-9A25884BA424}.Release|Any CPU.Build.0 = Release|Any CPU
		{D765C6FE-AB4D-4597-9027-DBAE79A0B0C9}.Debug|Any CPU.ActiveCfg = Debug|Any CPU
		{D765C6FE-AB4D-4597-9027-DBAE79A0B0C9}.Debug|Any CPU.Build.0 = Debug|Any CPU
		{D765C6FE-AB4D-4597-9027-DBAE79A0B0C9}.Release|Any CPU.ActiveCfg = Release|Any CPU
		{D765C6FE-AB4D-4597-9027-DBAE79A0B0C9}.Release|Any CPU.Build.0 = Release|Any CPU
		{59244972-EE05-48F0-A7D0-C180411C884C}.Debug|Any CPU.ActiveCfg = Debug|Any CPU
		{59244972-EE05-48F0-A7D0-C180411C884C}.Debug|Any CPU.Build.0 = Debug|Any CPU
		{59244972-EE05-48F0-A7D0-C180411C884C}.Release|Any CPU.ActiveCfg = Release|Any CPU
		{59244972-EE05-48F0-A7D0-C180411C884C}.Release|Any CPU.Build.0 = Release|Any CPU
		{69B94541-C09E-4F3B-A56B-65FAEB4E182A}.Debug|Any CPU.ActiveCfg = Debug|Any CPU
		{69B94541-C09E-4F3B-A56B-65FAEB4E182A}.Debug|Any CPU.Build.0 = Debug|Any CPU
		{69B94541-C09E-4F3B-A56B-65FAEB4E182A}.Release|Any CPU.ActiveCfg = Release|Any CPU
		{69B94541-C09E-4F3B-A56B-65FAEB4E182A}.Release|Any CPU.Build.0 = Release|Any CPU
		{0E17CD9A-71E0-4874-B907-EAC0117E243D}.Debug|Any CPU.ActiveCfg = Debug|Any CPU
		{0E17CD9A-71E0-4874-B907-EAC0117E243D}.Debug|Any CPU.Build.0 = Debug|Any CPU
		{0E17CD9A-71E0-4874-B907-EAC0117E243D}.Release|Any CPU.ActiveCfg = Release|Any CPU
		{0E17CD9A-71E0-4874-B907-EAC0117E243D}.Release|Any CPU.Build.0 = Release|Any CPU
		{05EB3FED-2B5D-4659-AE72-0C7F1CC3DFE9}.Debug|Any CPU.ActiveCfg = Debug|Any CPU
		{05EB3FED-2B5D-4659-AE72-0C7F1CC3DFE9}.Debug|Any CPU.Build.0 = Debug|Any CPU
		{05EB3FED-2B5D-4659-AE72-0C7F1CC3DFE9}.Release|Any CPU.ActiveCfg = Release|Any CPU
		{05EB3FED-2B5D-4659-AE72-0C7F1CC3DFE9}.Release|Any CPU.Build.0 = Release|Any CPU
		{E6964ADC-7E4C-4FFA-8584-A37D621B9DFC}.Debug|Any CPU.ActiveCfg = Debug|Any CPU
		{E6964ADC-7E4C-4FFA-8584-A37D621B9DFC}.Debug|Any CPU.Build.0 = Debug|Any CPU
		{E6964ADC-7E4C-4FFA-8584-A37D621B9DFC}.Release|Any CPU.ActiveCfg = Release|Any CPU
		{E6964ADC-7E4C-4FFA-8584-A37D621B9DFC}.Release|Any CPU.Build.0 = Release|Any CPU
	EndGlobalSection
	GlobalSection(SolutionProperties) = preSolution
		HideSolutionNode = FALSE
	EndGlobalSection
	GlobalSection(NestedProjects) = preSolution
		{77322573-E129-4C61-B72F-A6696833D7C0} = {ACB34DA2-6144-4392-9119-239E71D7C814}
		{D043B3E6-025B-4453-95AA-3286DCCE4A25} = {ACB34DA2-6144-4392-9119-239E71D7C814}
		{79907FA1-129E-4F69-90F4-E93AAD78E195} = {ACB34DA2-6144-4392-9119-239E71D7C814}
		{75FF552B-991E-4DF7-B6DD-1D624FF76C0A} = {ACB34DA2-6144-4392-9119-239E71D7C814}
		{A603AA76-A51D-4557-BE01-6145F389364E} = {8F710F37-10F3-4CAB-8FED-E8DDB8C5CD83}
		{F0CDBFDC-1194-4671-A78E-7CF100E6869F} = {8F710F37-10F3-4CAB-8FED-E8DDB8C5CD83}
		{BE1D6F2A-E7BF-4C11-84FE-4EF8EE2A9D47} = {52809796-6E8C-4E2E-9BF6-03FF5E5C8835}
		{8E47624D-1116-418B-8E3F-9A25884BA424} = {52809796-6E8C-4E2E-9BF6-03FF5E5C8835}
		{D765C6FE-AB4D-4597-9027-DBAE79A0B0C9} = {52809796-6E8C-4E2E-9BF6-03FF5E5C8835}
		{59244972-EE05-48F0-A7D0-C180411C884C} = {52809796-6E8C-4E2E-9BF6-03FF5E5C8835}
		{69B94541-C09E-4F3B-A56B-65FAEB4E182A} = {52809796-6E8C-4E2E-9BF6-03FF5E5C8835}
		{0E17CD9A-71E0-4874-B907-EAC0117E243D} = {52809796-6E8C-4E2E-9BF6-03FF5E5C8835}
		{05EB3FED-2B5D-4659-AE72-0C7F1CC3DFE9} = {8F710F37-10F3-4CAB-8FED-E8DDB8C5CD83}
		{E6964ADC-7E4C-4FFA-8584-A37D621B9DFC} = {8F710F37-10F3-4CAB-8FED-E8DDB8C5CD83}
	EndGlobalSection
	GlobalSection(ExtensibilityGlobals) = postSolution
		SolutionGuid = {A176853B-5AA9-4DAB-9B03-2D91A85D6300}
	EndGlobalSection
EndGlobal
